
Microsoft Visual Studio Solution File, Format Version 12.00
# Visual Studio Version 17
VisualStudioVersion = 17.7.34009.444
MinimumVisualStudioVersion = 10.0.40219.1
Project("{9A19103F-16F7-4668-BE54-9A1E7A4F7556}") = "DapperPopulateAggregate", "DapperPopulateAggregate\DapperPopulateAggregate.csproj", "{7AB675AB-073A-4B61-A56F-A9A371A846CC}"
EndProject
Project("{9A19103F-16F7-4668-BE54-9A1E7A4F7556}") = "Domain", "Domain\Domain.csproj", "{CDBF732B-06EB-40BD-B9F0-8DAAA1C59F6D}"
EndProject
Project("{9A19103F-16F7-4668-BE54-9A1E7A4F7556}") = "Infrastructure", "Infrastructure\Infrastructure.csproj", "{8825D865-F178-4176-BAB9-0288F989D3CD}"
EndProject
Project("{FAE04EC0-301F-11D3-BF4B-00C04F79EFBC}") = "ReflectionBenchmark", "ReflectionBenchmark\ReflectionBenchmark.csproj", "{94E75390-5E84-4E03-B18C-41EAAF6C24AE}"
EndProject
Global
	GlobalSection(SolutionConfigurationPlatforms) = preSolution
		Debug|Any CPU = Debug|Any CPU
		Release|Any CPU = Release|Any CPU
	EndGlobalSection
	GlobalSection(ProjectConfigurationPlatforms) = postSolution
		{7AB675AB-073A-4B61-A56F-A9A371A846CC}.Debug|Any CPU.ActiveCfg = Debug|Any CPU
		{7AB675AB-073A-4B61-A56F-A9A371A846CC}.Debug|Any CPU.Build.0 = Debug|Any CPU
		{7AB675AB-073A-4B61-A56F-A9A371A846CC}.Release|Any CPU.ActiveCfg = Release|Any CPU
		{7AB675AB-073A-4B61-A56F-A9A371A846CC}.Release|Any CPU.Build.0 = Release|Any CPU
		{CDBF732B-06EB-40BD-B9F0-8DAAA1C59F6D}.Debug|Any CPU.ActiveCfg = Debug|Any CPU
		{CDBF732B-06EB-40BD-B9F0-8DAAA1C59F6D}.Debug|Any CPU.Build.0 = Debug|Any CPU
		{CDBF732B-06EB-40BD-B9F0-8DAAA1C59F6D}.Release|Any CPU.ActiveCfg = Release|Any CPU
		{CDBF732B-06EB-40BD-B9F0-8DAAA1C59F6D}.Release|Any CPU.Build.0 = Release|Any CPU
		{8825D865-F178-4176-BAB9-0288F989D3CD}.Debug|Any CPU.ActiveCfg = Debug|Any CPU
		{8825D865-F178-4176-BAB9-0288F989D3CD}.Debug|Any CPU.Build.0 = Debug|Any CPU
		{8825D865-F178-4176-BAB9-0288F989D3CD}.Release|Any CPU.ActiveCfg = Release|Any CPU
		{8825D865-F178-4176-BAB9-0288F989D3CD}.Release|Any CPU.Build.0 = Release|Any CPU
		{94E75390-5E84-4E03-B18C-41EAAF6C24AE}.Debug|Any CPU.ActiveCfg = Debug|Any CPU
		{94E75390-5E84-4E03-B18C-41EAAF6C24AE}.Debug|Any CPU.Build.0 = Debug|Any CPU
		{94E75390-5E84-4E03-B18C-41EAAF6C24AE}.Release|Any CPU.ActiveCfg = Release|Any CPU
		{94E75390-5E84-4E03-B18C-41EAAF6C24AE}.Release|Any CPU.Build.0 = Release|Any CPU
	EndGlobalSection
	GlobalSection(SolutionProperties) = preSolution
		HideSolutionNode = FALSE
	EndGlobalSection
	GlobalSection(ExtensibilityGlobals) = postSolution
		SolutionGuid = {13A7AF6F-10EF-4198-9E8E-47FF00494A91}
	EndGlobalSection
EndGlobal
